
Microsoft Visual Studio Solution File, Format Version 12.00
# Visual Studio Version 17
VisualStudioVersion = 17.14.36221.1 d17.14
MinimumVisualStudioVersion = 10.0.40219.1
Project("{FAE04EC0-301F-11D3-BF4B-00C04F79EFBC}") = "Partners", "Partners\Partners.csproj", "{7722C1F4-78CE-43F4-BAE3-AEFF84122C47}"
EndProject
Global
	GlobalSection(SolutionConfigurationPlatforms) = preSolution
		Debug|Any CPU = Debug|Any CPU
		Release|Any CPU = Release|Any CPU
	EndGlobalSection
	GlobalSection(ProjectConfigurationPlatforms) = postSolution
		{7722C1F4-78CE-43F4-BAE3-AEFF84122C47}.Debug|Any CPU.ActiveCfg = Debug|Any CPU
		{7722C1F4-78CE-43F4-BAE3-AEFF84122C47}.Debug|Any CPU.Build.0 = Debug|Any CPU
		{7722C1F4-78CE-43F4-BAE3-AEFF84122C47}.Release|Any CPU.ActiveCfg = Release|Any CPU
		{7722C1F4-78CE-43F4-BAE3-AEFF84122C47}.Release|Any CPU.Build.0 = Release|Any CPU
	EndGlobalSection
	GlobalSection(SolutionProperties) = preSolution
		HideSolutionNode = FALSE
	EndGlobalSection
	GlobalSection(ExtensibilityGlobals) = postSolution
		SolutionGuid = {75426599-07B8-45B2-8DBB-D042EDDED81A}
	EndGlobalSection
EndGlobal
